
Microsoft Visual Studio Solution File, Format Version 10.00
# Visual Studio 2008
Project("{FAE04EC0-301F-11D3-BF4B-00C04F79EFBC}") = "QBridgeTestCE", "QBridgeTestCE\QBridgeTestCE.csproj", "{DAB33420-EFAA-460F-ACB0-F15694CDC4B9}"
EndProject
Project("{FAE04EC0-301F-11D3-BF4B-00C04F79EFBC}") = "FirmwareUpdaterCE", "FirmwareUpdaterCE\FirmwareUpdaterCE.csproj", "{6025D85C-1C24-4B09-B2B5-720A9B950100}"
EndProject
Project("{FAE04EC0-301F-11D3-BF4B-00C04F79EFBC}") = "QBridgePowerDown", "QBridgePowerDown\QBridgePowerDown.csproj", "{45DBABDE-B59E-403F-99DC-D17D652348CF}"
EndProject
Project("{8BC9CEB8-8B4A-11D0-8D11-00A0C91BC942}") = "IsoTrackKillSimulation", "IsoTrackKillSimulation\IsoTrackKillSimulation.vcproj", "{7F72ECC4-5096-4BEF-A5B0-88CA54130965}"
EndProject
Global
	GlobalSection(SolutionConfigurationPlatforms) = preSolution
		Debug|Any CPU = Debug|Any CPU
		Debug|Mixed Platforms = Debug|Mixed Platforms
		Debug|TREQ-VM (ARMV4I) = Debug|TREQ-VM (ARMV4I)
		Release|Any CPU = Release|Any CPU
		Release|Mixed Platforms = Release|Mixed Platforms
		Release|TREQ-VM (ARMV4I) = Release|TREQ-VM (ARMV4I)
	EndGlobalSection
	GlobalSection(ProjectConfigurationPlatforms) = postSolution
		{DAB33420-EFAA-460F-ACB0-F15694CDC4B9}.Debug|Any CPU.ActiveCfg = Debug|Any CPU
		{DAB33420-EFAA-460F-ACB0-F15694CDC4B9}.Debug|Any CPU.Build.0 = Debug|Any CPU
		{DAB33420-EFAA-460F-ACB0-F15694CDC4B9}.Debug|Any CPU.Deploy.0 = Debug|Any CPU
		{DAB33420-EFAA-460F-ACB0-F15694CDC4B9}.Debug|Mixed Platforms.ActiveCfg = Debug|Any CPU
		{DAB33420-EFAA-460F-ACB0-F15694CDC4B9}.Debug|Mixed Platforms.Build.0 = Debug|Any CPU
		{DAB33420-EFAA-460F-ACB0-F15694CDC4B9}.Debug|Mixed Platforms.Deploy.0 = Debug|Any CPU
		{DAB33420-EFAA-460F-ACB0-F15694CDC4B9}.Debug|TREQ-VM (ARMV4I).ActiveCfg = Debug|Any CPU
		{DAB33420-EFAA-460F-ACB0-F15694CDC4B9}.Release|Any CPU.ActiveCfg = Release|Any CPU
		{DAB33420-EFAA-460F-ACB0-F15694CDC4B9}.Release|Any CPU.Build.0 = Release|Any CPU
		{DAB33420-EFAA-460F-ACB0-F15694CDC4B9}.Release|Any CPU.Deploy.0 = Release|Any CPU
		{DAB33420-EFAA-460F-ACB0-F15694CDC4B9}.Release|Mixed Platforms.ActiveCfg = Release|Any CPU
		{DAB33420-EFAA-460F-ACB0-F15694CDC4B9}.Release|Mixed Platforms.Build.0 = Release|Any CPU
		{DAB33420-EFAA-460F-ACB0-F15694CDC4B9}.Release|Mixed Platforms.Deploy.0 = Release|Any CPU
		{DAB33420-EFAA-460F-ACB0-F15694CDC4B9}.Release|TREQ-VM (ARMV4I).ActiveCfg = Release|Any CPU
		{6025D85C-1C24-4B09-B2B5-720A9B950100}.Debug|Any CPU.ActiveCfg = Debug|Any CPU
		{6025D85C-1C24-4B09-B2B5-720A9B950100}.Debug|Any CPU.Build.0 = Debug|Any CPU
		{6025D85C-1C24-4B09-B2B5-720A9B950100}.Debug|Any CPU.Deploy.0 = Debug|Any CPU
		{6025D85C-1C24-4B09-B2B5-720A9B950100}.Debug|Mixed Platforms.ActiveCfg = Debug|Any CPU
		{6025D85C-1C24-4B09-B2B5-720A9B950100}.Debug|Mixed Platforms.Build.0 = Debug|Any CPU
		{6025D85C-1C24-4B09-B2B5-720A9B950100}.Debug|Mixed Platforms.Deploy.0 = Debug|Any CPU
		{6025D85C-1C24-4B09-B2B5-720A9B950100}.Debug|TREQ-VM (ARMV4I).ActiveCfg = Debug|Any CPU
		{6025D85C-1C24-4B09-B2B5-720A9B950100}.Release|Any CPU.ActiveCfg = Release|Any CPU
		{6025D85C-1C24-4B09-B2B5-720A9B950100}.Release|Any CPU.Build.0 = Release|Any CPU
		{6025D85C-1C24-4B09-B2B5-720A9B950100}.Release|Any CPU.Deploy.0 = Release|Any CPU
		{6025D85C-1C24-4B09-B2B5-720A9B950100}.Release|Mixed Platforms.ActiveCfg = Release|Any CPU
		{6025D85C-1C24-4B09-B2B5-720A9B950100}.Release|Mixed Platforms.Build.0 = Release|Any CPU
		{6025D85C-1C24-4B09-B2B5-720A9B950100}.Release|Mixed Platforms.Deploy.0 = Release|Any CPU
		{6025D85C-1C24-4B09-B2B5-720A9B950100}.Release|TREQ-VM (ARMV4I).ActiveCfg = Release|Any CPU
		{45DBABDE-B59E-403F-99DC-D17D652348CF}.Debug|Any CPU.ActiveCfg = Debug|Any CPU
		{45DBABDE-B59E-403F-99DC-D17D652348CF}.Debug|Any CPU.Build.0 = Debug|Any CPU
		{45DBABDE-B59E-403F-99DC-D17D652348CF}.Debug|Any CPU.Deploy.0 = Debug|Any CPU
		{45DBABDE-B59E-403F-99DC-D17D652348CF}.Debug|Mixed Platforms.ActiveCfg = Debug|Any CPU
		{45DBABDE-B59E-403F-99DC-D17D652348CF}.Debug|Mixed Platforms.Build.0 = Debug|Any CPU
		{45DBABDE-B59E-403F-99DC-D17D652348CF}.Debug|Mixed Platforms.Deploy.0 = Debug|Any CPU
		{45DBABDE-B59E-403F-99DC-D17D652348CF}.Debug|TREQ-VM (ARMV4I).ActiveCfg = Debug|Any CPU
		{45DBABDE-B59E-403F-99DC-D17D652348CF}.Release|Any CPU.ActiveCfg = Release|Any CPU
		{45DBABDE-B59E-403F-99DC-D17D652348CF}.Release|Any CPU.Build.0 = Release|Any CPU
		{45DBABDE-B59E-403F-99DC-D17D652348CF}.Release|Any CPU.Deploy.0 = Release|Any CPU
		{45DBABDE-B59E-403F-99DC-D17D652348CF}.Release|Mixed Platforms.ActiveCfg = Release|Any CPU
		{45DBABDE-B59E-403F-99DC-D17D652348CF}.Release|Mixed Platforms.Build.0 = Release|Any CPU
		{45DBABDE-B59E-403F-99DC-D17D652348CF}.Release|Mixed Platforms.Deploy.0 = Release|Any CPU
		{45DBABDE-B59E-403F-99DC-D17D652348CF}.Release|TREQ-VM (ARMV4I).ActiveCfg = Release|Any CPU
		{7F72ECC4-5096-4BEF-A5B0-88CA54130965}.Debug|Any CPU.ActiveCfg = Debug|TREQ-VM (ARMV4I)
		{7F72ECC4-5096-4BEF-A5B0-88CA54130965}.Debug|Mixed Platforms.ActiveCfg = Debug|TREQ-VM (ARMV4I)
		{7F72ECC4-5096-4BEF-A5B0-88CA54130965}.Debug|Mixed Platforms.Build.0 = Debug|TREQ-VM (ARMV4I)
		{7F72ECC4-5096-4BEF-A5B0-88CA54130965}.Debug|Mixed Platforms.Deploy.0 = Debug|TREQ-VM (ARMV4I)
		{7F72ECC4-5096-4BEF-A5B0-88CA54130965}.Debug|TREQ-VM (ARMV4I).ActiveCfg = Debug|TREQ-VM (ARMV4I)
		{7F72ECC4-5096-4BEF-A5B0-88CA54130965}.Debug|TREQ-VM (ARMV4I).Build.0 = Debug|TREQ-VM (ARMV4I)
		{7F72ECC4-5096-4BEF-A5B0-88CA54130965}.Debug|TREQ-VM (ARMV4I).Deploy.0 = Debug|TREQ-VM (ARMV4I)
		{7F72ECC4-5096-4BEF-A5B0-88CA54130965}.Release|Any CPU.ActiveCfg = Release|TREQ-VM (ARMV4I)
		{7F72ECC4-5096-4BEF-A5B0-88CA54130965}.Release|Mixed Platforms.ActiveCfg = Release|TREQ-VM (ARMV4I)
		{7F72ECC4-5096-4BEF-A5B0-88CA54130965}.Release|Mixed Platforms.Build.0 = Release|TREQ-VM (ARMV4I)
		{7F72ECC4-5096-4BEF-A5B0-88CA54130965}.Release|Mixed Platforms.Deploy.0 = Release|TREQ-VM (ARMV4I)
		{7F72ECC4-5096-4BEF-A5B0-88CA54130965}.Release|TREQ-VM (ARMV4I).ActiveCfg = Release|TREQ-VM (ARMV4I)
		{7F72ECC4-5096-4BEF-A5B0-88CA54130965}.Release|TREQ-VM (ARMV4I).Build.0 = Release|TREQ-VM (ARMV4I)
		{7F72ECC4-5096-4BEF-A5B0-88CA54130965}.Release|TREQ-VM (ARMV4I).Deploy.0 = Release|TREQ-VM (ARMV4I)
	EndGlobalSection
	GlobalSection(SolutionProperties) = preSolution
		HideSolutionNode = FALSE
	EndGlobalSection
EndGlobal
