
Microsoft Visual Studio Solution File, Format Version 9.00
# Visual Studio 2005
Project("{8BC9CEB8-8B4A-11D0-8D11-00A0C91BC942}") = "TestRP1210_CE", "TestRP1210_CE\TestRP1210_CE.vcproj", "{1F7F9C9E-B32B-4DBD-A201-3DAED989D046}"
EndProject
Global
	GlobalSection(SolutionConfigurationPlatforms) = preSolution
		Debug|TREQ (x86) = Debug|TREQ (x86)
		Release|TREQ (x86) = Release|TREQ (x86)
	EndGlobalSection
	GlobalSection(ProjectConfigurationPlatforms) = postSolution
		{1F7F9C9E-B32B-4DBD-A201-3DAED989D046}.Debug|TREQ (x86).ActiveCfg = Debug|TREQ (x86)
		{1F7F9C9E-B32B-4DBD-A201-3DAED989D046}.Debug|TREQ (x86).Build.0 = Debug|TREQ (x86)
		{1F7F9C9E-B32B-4DBD-A201-3DAED989D046}.Debug|TREQ (x86).Deploy.0 = Debug|TREQ (x86)
		{1F7F9C9E-B32B-4DBD-A201-3DAED989D046}.Release|TREQ (x86).ActiveCfg = Release|TREQ (x86)
		{1F7F9C9E-B32B-4DBD-A201-3DAED989D046}.Release|TREQ (x86).Build.0 = Release|TREQ (x86)
		{1F7F9C9E-B32B-4DBD-A201-3DAED989D046}.Release|TREQ (x86).Deploy.0 = Release|TREQ (x86)
	EndGlobalSection
	GlobalSection(SolutionProperties) = preSolution
		HideSolutionNode = FALSE
	EndGlobalSection
EndGlobal
