
Microsoft Visual Studio Solution File, Format Version 9.00
# Visual Studio 2005
Project("{8BC9CEB8-8B4A-11D0-8D11-00A0C91BC942}") = "QBridgeDLL", "qbrdge32dll\QBridgeDLL.vcproj", "{ECE61C37-D242-423C-A83B-20513376C6FF}"
EndProject
Global
	GlobalSection(SolutionConfigurationPlatforms) = preSolution
		Debug|Any CPU = Debug|Any CPU
		Debug|Mixed Platforms = Debug|Mixed Platforms
		Debug|TREQ (x86) = Debug|TREQ (x86)
		Debug|Win32 = Debug|Win32
		Release|Any CPU = Release|Any CPU
		Release|Mixed Platforms = Release|Mixed Platforms
		Release|TREQ (x86) = Release|TREQ (x86)
		Release|Win32 = Release|Win32
		TreqDebug|Any CPU = TreqDebug|Any CPU
		TreqDebug|Mixed Platforms = TreqDebug|Mixed Platforms
		TreqDebug|TREQ (x86) = TreqDebug|TREQ (x86)
		TreqDebug|Win32 = TreqDebug|Win32
	EndGlobalSection
	GlobalSection(ProjectConfigurationPlatforms) = postSolution
		{ECE61C37-D242-423C-A83B-20513376C6FF}.Debug|Any CPU.ActiveCfg = Debug|Win32
		{ECE61C37-D242-423C-A83B-20513376C6FF}.Debug|Any CPU.Build.0 = Debug|Win32
		{ECE61C37-D242-423C-A83B-20513376C6FF}.Debug|Mixed Platforms.ActiveCfg = Debug|TREQ (x86)
		{ECE61C37-D242-423C-A83B-20513376C6FF}.Debug|Mixed Platforms.Build.0 = Debug|TREQ (x86)
		{ECE61C37-D242-423C-A83B-20513376C6FF}.Debug|Mixed Platforms.Deploy.0 = Debug|TREQ (x86)
		{ECE61C37-D242-423C-A83B-20513376C6FF}.Debug|TREQ (x86).ActiveCfg = Debug|TREQ (x86)
		{ECE61C37-D242-423C-A83B-20513376C6FF}.Debug|TREQ (x86).Build.0 = Debug|TREQ (x86)
		{ECE61C37-D242-423C-A83B-20513376C6FF}.Debug|TREQ (x86).Deploy.0 = Debug|TREQ (x86)
		{ECE61C37-D242-423C-A83B-20513376C6FF}.Debug|Win32.ActiveCfg = Debug|Win32
		{ECE61C37-D242-423C-A83B-20513376C6FF}.Debug|Win32.Build.0 = Debug|Win32
		{ECE61C37-D242-423C-A83B-20513376C6FF}.Release|Any CPU.ActiveCfg = Release|TREQ (x86)
		{ECE61C37-D242-423C-A83B-20513376C6FF}.Release|Mixed Platforms.ActiveCfg = Release|TREQ (x86)
		{ECE61C37-D242-423C-A83B-20513376C6FF}.Release|Mixed Platforms.Build.0 = Release|TREQ (x86)
		{ECE61C37-D242-423C-A83B-20513376C6FF}.Release|Mixed Platforms.Deploy.0 = Release|TREQ (x86)
		{ECE61C37-D242-423C-A83B-20513376C6FF}.Release|TREQ (x86).ActiveCfg = Release|TREQ (x86)
		{ECE61C37-D242-423C-A83B-20513376C6FF}.Release|TREQ (x86).Build.0 = Release|TREQ (x86)
		{ECE61C37-D242-423C-A83B-20513376C6FF}.Release|TREQ (x86).Deploy.0 = Release|TREQ (x86)
		{ECE61C37-D242-423C-A83B-20513376C6FF}.Release|Win32.ActiveCfg = Release|Win32
		{ECE61C37-D242-423C-A83B-20513376C6FF}.Release|Win32.Build.0 = Release|Win32
		{ECE61C37-D242-423C-A83B-20513376C6FF}.TreqDebug|Any CPU.ActiveCfg = TreqDebug|TREQ (x86)
		{ECE61C37-D242-423C-A83B-20513376C6FF}.TreqDebug|Mixed Platforms.ActiveCfg = TreqDebug|TREQ (x86)
		{ECE61C37-D242-423C-A83B-20513376C6FF}.TreqDebug|Mixed Platforms.Build.0 = TreqDebug|TREQ (x86)
		{ECE61C37-D242-423C-A83B-20513376C6FF}.TreqDebug|Mixed Platforms.Deploy.0 = TreqDebug|TREQ (x86)
		{ECE61C37-D242-423C-A83B-20513376C6FF}.TreqDebug|TREQ (x86).ActiveCfg = TreqDebug|TREQ (x86)
		{ECE61C37-D242-423C-A83B-20513376C6FF}.TreqDebug|TREQ (x86).Build.0 = TreqDebug|TREQ (x86)
		{ECE61C37-D242-423C-A83B-20513376C6FF}.TreqDebug|TREQ (x86).Deploy.0 = TreqDebug|TREQ (x86)
		{ECE61C37-D242-423C-A83B-20513376C6FF}.TreqDebug|Win32.ActiveCfg = TreqDebug|Win32
		{ECE61C37-D242-423C-A83B-20513376C6FF}.TreqDebug|Win32.Build.0 = TreqDebug|Win32
	EndGlobalSection
	GlobalSection(SolutionProperties) = preSolution
		HideSolutionNode = FALSE
	EndGlobalSection
EndGlobal
