
Microsoft Visual Studio Solution File, Format Version 10.00
# Visual Studio 2008
Project("{8BC9CEB8-8B4A-11D0-8D11-00A0C91BC942}") = "TestRP1210_CE", "TestRP1210_CE\TestRP1210_CE.vcproj", "{1F7F9C9E-B32B-4DBD-A201-3DAED989D046}"
EndProject
Global
	GlobalSection(SolutionConfigurationPlatforms) = preSolution
		Debug|TREQ-M4 (ARMV4I) = Debug|TREQ-M4 (ARMV4I)
		Release|TREQ-M4 (ARMV4I) = Release|TREQ-M4 (ARMV4I)
	EndGlobalSection
	GlobalSection(ProjectConfigurationPlatforms) = postSolution
		{1F7F9C9E-B32B-4DBD-A201-3DAED989D046}.Debug|TREQ-M4 (ARMV4I).ActiveCfg = Debug|TREQ-M4 (ARMV4I)
		{1F7F9C9E-B32B-4DBD-A201-3DAED989D046}.Debug|TREQ-M4 (ARMV4I).Build.0 = Debug|TREQ-M4 (ARMV4I)
		{1F7F9C9E-B32B-4DBD-A201-3DAED989D046}.Debug|TREQ-M4 (ARMV4I).Deploy.0 = Debug|TREQ-M4 (ARMV4I)
		{1F7F9C9E-B32B-4DBD-A201-3DAED989D046}.Release|TREQ-M4 (ARMV4I).ActiveCfg = Release|TREQ-M4 (ARMV4I)
		{1F7F9C9E-B32B-4DBD-A201-3DAED989D046}.Release|TREQ-M4 (ARMV4I).Build.0 = Release|TREQ-M4 (ARMV4I)
		{1F7F9C9E-B32B-4DBD-A201-3DAED989D046}.Release|TREQ-M4 (ARMV4I).Deploy.0 = Release|TREQ-M4 (ARMV4I)
	EndGlobalSection
	GlobalSection(SolutionProperties) = preSolution
		HideSolutionNode = FALSE
	EndGlobalSection
EndGlobal
